// !$*UTF8*$!
{
	archiveVersion = 1;
	classes = {
	};
	objectVersion = 56;
	objects = {

/* Begin PBXBuildFile section */
		B82704B5294478C700DA9BE7 /* FinancialHeaderCell.swift in Sources */ = {isa = PBXBuildFile; fileRef = B82704B3294478C700DA9BE7 /* FinancialHeaderCell.swift */; };
		B82704B6294478C700DA9BE7 /* FinancialHeaderCell.xib in Resources */ = {isa = PBXBuildFile; fileRef = B82704B4294478C700DA9BE7 /* FinancialHeaderCell.xib */; };
		B8A8F66F29438E02009740CC /* AppDelegate.swift in Sources */ = {isa = PBXBuildFile; fileRef = B8A8F66E29438E02009740CC /* AppDelegate.swift */; };
		B8A8F67129438E02009740CC /* SceneDelegate.swift in Sources */ = {isa = PBXBuildFile; fileRef = B8A8F67029438E02009740CC /* SceneDelegate.swift */; };
		B8A8F67329438E02009740CC /* ViewController.swift in Sources */ = {isa = PBXBuildFile; fileRef = B8A8F67229438E02009740CC /* ViewController.swift */; };
		B8A8F67629438E02009740CC /* Main.storyboard in Resources */ = {isa = PBXBuildFile; fileRef = B8A8F67429438E02009740CC /* Main.storyboard */; };
		B8A8F67829438E04009740CC /* Assets.xcassets in Resources */ = {isa = PBXBuildFile; fileRef = B8A8F67729438E04009740CC /* Assets.xcassets */; };
		B8A8F67B29438E04009740CC /* LaunchScreen.storyboard in Resources */ = {isa = PBXBuildFile; fileRef = B8A8F67929438E04009740CC /* LaunchScreen.storyboard */; };
		B8A8F68829439194009740CC /* FinancialCell.swift in Sources */ = {isa = PBXBuildFile; fileRef = B8A8F68629439194009740CC /* FinancialCell.swift */; };
		B8A8F68929439194009740CC /* FinancialCell.xib in Resources */ = {isa = PBXBuildFile; fileRef = B8A8F68729439194009740CC /* FinancialCell.xib */; };
/* End PBXBuildFile section */

/* Begin PBXFileReference section */
		B82704B3294478C700DA9BE7 /* FinancialHeaderCell.swift */ = {isa = PBXFileReference; lastKnownFileType = sourcecode.swift; path = FinancialHeaderCell.swift; sourceTree = "<group>"; };
		B82704B4294478C700DA9BE7 /* FinancialHeaderCell.xib */ = {isa = PBXFileReference; lastKnownFileType = file.xib; path = FinancialHeaderCell.xib; sourceTree = "<group>"; };
		B8A8F66B29438E02009740CC /* CellHW.app */ = {isa = PBXFileReference; explicitFileType = wrapper.application; includeInIndex = 0; path = CellHW.app; sourceTree = BUILT_PRODUCTS_DIR; };
		B8A8F66E29438E02009740CC /* AppDelegate.swift */ = {isa = PBXFileReference; lastKnownFileType = sourcecode.swift; path = AppDelegate.swift; sourceTree = "<group>"; };
		B8A8F67029438E02009740CC /* SceneDelegate.swift */ = {isa = PBXFileReference; lastKnownFileType = sourcecode.swift; path = SceneDelegate.swift; sourceTree = "<group>"; };
		B8A8F67229438E02009740CC /* ViewController.swift */ = {isa = PBXFileReference; lastKnownFileType = sourcecode.swift; path = ViewController.swift; sourceTree = "<group>"; };
		B8A8F67529438E02009740CC /* Base */ = {isa = PBXFileReference; lastKnownFileType = file.storyboard; name = Base; path = Base.lproj/Main.storyboard; sourceTree = "<group>"; };
		B8A8F67729438E04009740CC /* Assets.xcassets */ = {isa = PBXFileReference; lastKnownFileType = folder.assetcatalog; path = Assets.xcassets; sourceTree = "<group>"; };
		B8A8F67A29438E04009740CC /* Base */ = {isa = PBXFileReference; lastKnownFileType = file.storyboard; name = Base; path = Base.lproj/LaunchScreen.storyboard; sourceTree = "<group>"; };
		B8A8F67C29438E04009740CC /* Info.plist */ = {isa = PBXFileReference; lastKnownFileType = text.plist.xml; path = Info.plist; sourceTree = "<group>"; };
		B8A8F68629439194009740CC /* FinancialCell.swift */ = {isa = PBXFileReference; lastKnownFileType = sourcecode.swift; path = FinancialCell.swift; sourceTree = "<group>"; };
		B8A8F68729439194009740CC /* FinancialCell.xib */ = {isa = PBXFileReference; lastKnownFileType = file.xib; path = FinancialCell.xib; sourceTree = "<group>"; };
/* End PBXFileReference section */

/* Begin PBXFrameworksBuildPhase section */
		B8A8F66829438E02009740CC /* Frameworks */ = {
			isa = PBXFrameworksBuildPhase;
			buildActionMask = 2147483647;
			files = (
			);
			runOnlyForDeploymentPostprocessing = 0;
		};
/* End PBXFrameworksBuildPhase section */

/* Begin PBXGroup section */
		B8A8F66229438E02009740CC = {
			isa = PBXGroup;
			children = (
				B8A8F66D29438E02009740CC /* CellHW */,
				B8A8F66C29438E02009740CC /* Products */,
			);
			sourceTree = "<group>";
		};
		B8A8F66C29438E02009740CC /* Products */ = {
			isa = PBXGroup;
			children = (
				B8A8F66B29438E02009740CC /* CellHW.app */,
			);
			name = Products;
			sourceTree = "<group>";
		};
		B8A8F66D29438E02009740CC /* CellHW */ = {
			isa = PBXGroup;
			children = (
				B8A8F66E29438E02009740CC /* AppDelegate.swift */,
				B8A8F67029438E02009740CC /* SceneDelegate.swift */,
				B8A8F67229438E02009740CC /* ViewController.swift */,
				B8A8F68629439194009740CC /* FinancialCell.swift */,
				B8A8F68729439194009740CC /* FinancialCell.xib */,
				B82704B3294478C700DA9BE7 /* FinancialHeaderCell.swift */,
				B82704B4294478C700DA9BE7 /* FinancialHeaderCell.xib */,
				B8A8F67429438E02009740CC /* Main.storyboard */,
				B8A8F67729438E04009740CC /* Assets.xcassets */,
				B8A8F67929438E04009740CC /* LaunchScreen.storyboard */,
				B8A8F67C29438E04009740CC /* Info.plist */,
			);
			path = CellHW;
			sourceTree = "<group>";
		};
/* End PBXGroup section */

/* Begin PBXNativeTarget section */
		B8A8F66A29438E02009740CC /* CellHW */ = {
			isa = PBXNativeTarget;
			buildConfigurationList = B8A8F67F29438E04009740CC /* Build configuration list for PBXNativeTarget "CellHW" */;
			buildPhases = (
				B8A8F66729438E02009740CC /* Sources */,
				B8A8F66829438E02009740CC /* Frameworks */,
				B8A8F66929438E02009740CC /* Resources */,
			);
			buildRules = (
			);
			dependencies = (
			);
			name = CellHW;
			productName = CellHW;
			productReference = B8A8F66B29438E02009740CC /* CellHW.app */;
			productType = "com.apple.product-type.application";
		};
/* End PBXNativeTarget section */

/* Begin PBXProject section */
		B8A8F66329438E02009740CC /* Project object */ = {
			isa = PBXProject;
			attributes = {
				BuildIndependentTargetsInParallel = 1;
				LastSwiftUpdateCheck = 1410;
				LastUpgradeCheck = 1410;
				TargetAttributes = {
					B8A8F66A29438E02009740CC = {
						CreatedOnToolsVersion = 14.1;
					};
				};
			};
			buildConfigurationList = B8A8F66629438E02009740CC /* Build configuration list for PBXProject "CellHW" */;
			compatibilityVersion = "Xcode 14.0";
			developmentRegion = en;
			hasScannedForEncodings = 0;
			knownRegions = (
				en,
				Base,
			);
			mainGroup = B8A8F66229438E02009740CC;
			productRefGroup = B8A8F66C29438E02009740CC /* Products */;
			projectDirPath = "";
			projectRoot = "";
			targets = (
				B8A8F66A29438E02009740CC /* CellHW */,
			);
		};
/* End PBXProject section */

/* Begin PBXResourcesBuildPhase section */
		B8A8F66929438E02009740CC /* Resources */ = {
			isa = PBXResourcesBuildPhase;
			buildActionMask = 2147483647;
			files = (
				B8A8F67B29438E04009740CC /* LaunchScreen.storyboard in Resources */,
				B8A8F67829438E04009740CC /* Assets.xcassets in Resources */,
				B82704B6294478C700DA9BE7 /* FinancialHeaderCell.xib in Resources */,
				B8A8F67629438E02009740CC /* Main.storyboard in Resources */,
				B8A8F68929439194009740CC /* FinancialCell.xib in Resources */,
			);
			runOnlyForDeploymentPostprocessing = 0;
		};
/* End PBXResourcesBuildPhase section */

/* Begin PBXSourcesBuildPhase section */
		B8A8F66729438E02009740CC /* Sources */ = {
			isa = PBXSourcesBuildPhase;
			buildActionMask = 2147483647;
			files = (
				B8A8F67329438E02009740CC /* ViewController.swift in Sources */,
				B8A8F66F29438E02009740CC /* AppDelegate.swift in Sources */,
				B82704B5294478C700DA9BE7 /* FinancialHeaderCell.swift in Sources */,
				B8A8F67129438E02009740CC /* SceneDelegate.swift in Sources */,
				B8A8F68829439194009740CC /* FinancialCell.swift in Sources */,
			);
			runOnlyForDeploymentPostprocessing = 0;
		};
/* End PBXSourcesBuildPhase section */

/* Begin PBXVariantGroup section */
		B8A8F67429438E02009740CC /* Main.storyboard */ = {
			isa = PBXVariantGroup;
			children = (
				B8A8F67529438E02009740CC /* Base */,
			);
			name = Main.storyboard;
			sourceTree = "<group>";
		};
		B8A8F67929438E04009740CC /* LaunchScreen.storyboard */ = {
			isa = PBXVariantGroup;
			children = (
				B8A8F67A29438E04009740CC /* Base */,
			);
			name = LaunchScreen.storyboard;
			sourceTree = "<group>";
		};
/* End PBXVariantGroup section */

/* Begin XCBuildConfiguration section */
		B8A8F67D29438E04009740CC /* Debug */ = {
			isa = XCBuildConfiguration;
			buildSettings = {
				ALWAYS_SEARCH_USER_PATHS = NO;
				CLANG_ANALYZER_NONNULL = YES;
				CLANG_ANALYZER_NUMBER_OBJECT_CONVERSION = YES_AGGRESSIVE;
				CLANG_CXX_LANGUAGE_STANDARD = "gnu++20";
				CLANG_ENABLE_MODULES = YES;
				CLANG_ENABLE_OBJC_ARC = YES;
				CLANG_ENABLE_OBJC_WEAK = YES;
				CLANG_WARN_BLOCK_CAPTURE_AUTORELEASING = YES;
				CLANG_WARN_BOOL_CONVERSION = YES;
				CLANG_WARN_COMMA = YES;
				CLANG_WARN_CONSTANT_CONVERSION = YES;
				CLANG_WARN_DEPRECATED_OBJC_IMPLEMENTATIONS = YES;
				CLANG_WARN_DIRECT_OBJC_ISA_USAGE = YES_ERROR;
				CLANG_WARN_DOCUMENTATION_COMMENTS = YES;
				CLANG_WARN_EMPTY_BODY = YES;
				CLANG_WARN_ENUM_CONVERSION = YES;
				CLANG_WARN_INFINITE_RECURSION = YES;
				CLANG_WARN_INT_CONVERSION = YES;
				CLANG_WARN_NON_LITERAL_NULL_CONVERSION = YES;
				CLANG_WARN_OBJC_IMPLICIT_RETAIN_SELF = YES;
				CLANG_WARN_OBJC_LITERAL_CONVERSION = YES;
				CLANG_WARN_OBJC_ROOT_CLASS = YES_ERROR;
				CLANG_WARN_QUOTED_INCLUDE_IN_FRAMEWORK_HEADER = YES;
				CLANG_WARN_RANGE_LOOP_ANALYSIS = YES;
				CLANG_WARN_STRICT_PROTOTYPES = YES;
				CLANG_WARN_SUSPICIOUS_MOVE = YES;
				CLANG_WARN_UNGUARDED_AVAILABILITY = YES_AGGRESSIVE;
				CLANG_WARN_UNREACHABLE_CODE = YES;
				CLANG_WARN__DUPLICATE_METHOD_MATCH = YES;
				COPY_PHASE_STRIP = NO;
				DEBUG_INFORMATION_FORMAT = dwarf;
				ENABLE_STRICT_OBJC_MSGSEND = YES;
				ENABLE_TESTABILITY = YES;
				GCC_C_LANGUAGE_STANDARD = gnu11;
				GCC_DYNAMIC_NO_PIC = NO;
				GCC_NO_COMMON_BLOCKS = YES;
				GCC_OPTIMIZATION_LEVEL = 0;
				GCC_PREPROCESSOR_DEFINITIONS = (
					"DEBUG=1",
					"$(inherited)",
				);
				GCC_WARN_64_TO_32_BIT_CONVERSION = YES;
				GCC_WARN_ABOUT_RETURN_TYPE = YES_ERROR;
				GCC_WARN_UNDECLARED_SELECTOR = YES;
				GCC_WARN_UNINITIALIZED_AUTOS = YES_AGGRESSIVE;
				GCC_WARN_UNUSED_FUNCTION = YES;
				GCC_WARN_UNUSED_VARIABLE = YES;
				IPHONEOS_DEPLOYMENT_TARGET = 16.1;
				MTL_ENABLE_DEBUG_INFO = INCLUDE_SOURCE;
				MTL_FAST_MATH = YES;
				ONLY_ACTIVE_ARCH = YES;
				SDKROOT = iphoneos;
				SWIFT_ACTIVE_COMPILATION_CONDITIONS = DEBUG;
				SWIFT_OPTIMIZATION_LEVEL = "-Onone";
			};
			name = Debug;
		};
		B8A8F67E29438E04009740CC /* Release */ = {
			isa = XCBuildConfiguration;
			buildSettings = {
				ALWAYS_SEARCH_USER_PATHS = NO;
				CLANG_ANALYZER_NONNULL = YES;
				CLANG_ANALYZER_NUMBER_OBJECT_CONVERSION = YES_AGGRESSIVE;
				CLANG_CXX_LANGUAGE_STANDARD = "gnu++20";
				CLANG_ENABLE_MODULES = YES;
				CLANG_ENABLE_OBJC_ARC = YES;
				CLANG_ENABLE_OBJC_WEAK = YES;
				CLANG_WARN_BLOCK_CAPTURE_AUTORELEASING = YES;
				CLANG_WARN_BOOL_CONVERSION = YES;
				CLANG_WARN_COMMA = YES;
				CLANG_WARN_CONSTANT_CONVERSION = YES;
				CLANG_WARN_DEPRECATED_OBJC_IMPLEMENTATIONS = YES;
				CLANG_WARN_DIRECT_OBJC_ISA_USAGE = YES_ERROR;
				CLANG_WARN_DOCUMENTATION_COMMENTS = YES;
				CLANG_WARN_EMPTY_BODY = YES;
				CLANG_WARN_ENUM_CONVERSION = YES;
				CLANG_WARN_INFINITE_RECURSION = YES;
				CLANG_WARN_INT_CONVERSION = YES;
				CLANG_WARN_NON_LITERAL_NULL_CONVERSION = YES;
				CLANG_WARN_OBJC_IMPLICIT_RETAIN_SELF = YES;
				CLANG_WARN_OBJC_LITERAL_CONVERSION = YES;
				CLANG_WARN_OBJC_ROOT_CLASS = YES_ERROR;
				CLANG_WARN_QUOTED_INCLUDE_IN_FRAMEWORK_HEADER = YES;
				CLANG_WARN_RANGE_LOOP_ANALYSIS = YES;
				CLANG_WARN_STRICT_PROTOTYPES = YES;
				CLANG_WARN_SUSPICIOUS_MOVE = YES;
				CLANG_WARN_UNGUARDED_AVAILABILITY = YES_AGGRESSIVE;
				CLANG_WARN_UNREACHABLE_CODE = YES;
				CLANG_WARN__DUPLICATE_METHOD_MATCH = YES;
				COPY_PHASE_STRIP = NO;
				DEBUG_INFORMATION_FORMAT = "dwarf-with-dsym";
				ENABLE_NS_ASSERTIONS = NO;
				ENABLE_STRICT_OBJC_MSGSEND = YES;
				GCC_C_LANGUAGE_STANDARD = gnu11;
				GCC_NO_COMMON_BLOCKS = YES;
				GCC_WARN_64_TO_32_BIT_CONVERSION = YES;
				GCC_WARN_ABOUT_RETURN_TYPE = YES_ERROR;
				GCC_WARN_UNDECLARED_SELECTOR = YES;
				GCC_WARN_UNINITIALIZED_AUTOS = YES_AGGRESSIVE;
				GCC_WARN_UNUSED_FUNCTION = YES;
				GCC_WARN_UNUSED_VARIABLE = YES;
				IPHONEOS_DEPLOYMENT_TARGET = 16.1;
				MTL_ENABLE_DEBUG_INFO = NO;
				MTL_FAST_MATH = YES;
				SDKROOT = iphoneos;
				SWIFT_COMPILATION_MODE = wholemodule;
				SWIFT_OPTIMIZATION_LEVEL = "-O";
				VALIDATE_PRODUCT = YES;
			};
			name = Release;
		};
		B8A8F68029438E04009740CC /* Debug */ = {
			isa = XCBuildConfiguration;
			buildSettings = {
				ASSETCATALOG_COMPILER_APPICON_NAME = AppIcon;
				ASSETCATALOG_COMPILER_GLOBAL_ACCENT_COLOR_NAME = AccentColor;
				CODE_SIGN_STYLE = Automatic;
				CURRENT_PROJECT_VERSION = 1;
				GENERATE_INFOPLIST_FILE = YES;
				INFOPLIST_FILE = CellHW/Info.plist;
				INFOPLIST_KEY_UIApplicationSupportsIndirectInputEvents = YES;
				INFOPLIST_KEY_UILaunchStoryboardName = LaunchScreen;
				INFOPLIST_KEY_UIMainStoryboardFile = Main;
				INFOPLIST_KEY_UISupportedInterfaceOrientations_iPad = "UIInterfaceOrientationPortrait UIInterfaceOrientationPortraitUpsideDown UIInterfaceOrientationLandscapeLeft UIInterfaceOrientationLandscapeRight";
				INFOPLIST_KEY_UISupportedInterfaceOrientations_iPhone = "UIInterfaceOrientationPortrait UIInterfaceOrientationLandscapeLeft UIInterfaceOrientationLandscapeRight";
				IPHONEOS_DEPLOYMENT_TARGET = 15.0;
				LD_RUNPATH_SEARCH_PATHS = (
					"$(inherited)",
					"@executable_path/Frameworks",
				);
				MARKETING_VERSION = 1.0;
				PRODUCT_BUNDLE_IDENTIFIER = mts.CellHW;
				PRODUCT_NAME = "$(TARGET_NAME)";
				SWIFT_EMIT_LOC_STRINGS = YES;
				SWIFT_VERSION = 5.0;
				TARGETED_DEVICE_FAMILY = "1,2";
			};
			name = Debug;
		};
		B8A8F68129438E04009740CC /* Release */ = {
			isa = XCBuildConfiguration;
			buildSettings = {
				ASSETCATALOG_COMPILER_APPICON_NAME = AppIcon;
				ASSETCATALOG_COMPILER_GLOBAL_ACCENT_COLOR_NAME = AccentColor;
				CODE_SIGN_STYLE = Automatic;
				CURRENT_PROJECT_VERSION = 1;
				GENERATE_INFOPLIST_FILE = YES;
				INFOPLIST_FILE = CellHW/Info.plist;
				INFOPLIST_KEY_UIApplicationSupportsIndirectInputEvents = YES;
				INFOPLIST_KEY_UILaunchStoryboardName = LaunchScreen;
				INFOPLIST_KEY_UIMainStoryboardFile = Main;
				INFOPLIST_KEY_UISupportedInterfaceOrientations_iPad = "UIInterfaceOrientationPortrait UIInterfaceOrientationPortraitUpsideDown UIInterfaceOrientationLandscapeLeft UIInterfaceOrientationLandscapeRight";
				INFOPLIST_KEY_UISupportedInterfaceOrientations_iPhone = "UIInterfaceOrientationPortrait UIInterfaceOrientationLandscapeLeft UIInterfaceOrientationLandscapeRight";
				IPHONEOS_DEPLOYMENT_TARGET = 15.0;
				LD_RUNPATH_SEARCH_PATHS = (
					"$(inherited)",
					"@executable_path/Frameworks",
				);
				MARKETING_VERSION = 1.0;
				PRODUCT_BUNDLE_IDENTIFIER = mts.CellHW;
				PRODUCT_NAME = "$(TARGET_NAME)";
				SWIFT_EMIT_LOC_STRINGS = YES;
				SWIFT_VERSION = 5.0;
				TARGETED_DEVICE_FAMILY = "1,2";
			};
			name = Release;
		};
/* End XCBuildConfiguration section */

/* Begin XCConfigurationList section */
		B8A8F66629438E02009740CC /* Build configuration list for PBXProject "CellHW" */ = {
			isa = XCConfigurationList;
			buildConfigurations = (
				B8A8F67D29438E04009740CC /* Debug */,
				B8A8F67E29438E04009740CC /* Release */,
			);
			defaultConfigurationIsVisible = 0;
			defaultConfigurationName = Release;
		};
		B8A8F67F29438E04009740CC /* Build configuration list for PBXNativeTarget "CellHW" */ = {
			isa = XCConfigurationList;
			buildConfigurations = (
				B8A8F68029438E04009740CC /* Debug */,
				B8A8F68129438E04009740CC /* Release */,
			);
			defaultConfigurationIsVisible = 0;
			defaultConfigurationName = Release;
		};
/* End XCConfigurationList section */
	};
	rootObject = B8A8F66329438E02009740CC /* Project object */;
}
